
Microsoft Visual Studio Solution File, Format Version 12.00
# Visual Studio Version 16
VisualStudioVersion = 16.0.29709.97
MinimumVisualStudioVersion = 10.0.40219.1
Project("{FAE04EC0-301F-11D3-BF4B-00C04F79EFBC}") = "MenuInheritance", "MenuInheritance\MenuInheritance.csproj", "{870EF41C-4C91-477B-B175-33E790ABAD93}"
EndProject
Global
	GlobalSection(SolutionConfigurationPlatforms) = preSolution
		Debug|Any CPU = Debug|Any CPU
		Release|Any CPU = Release|Any CPU
	EndGlobalSection
	GlobalSection(ProjectConfigurationPlatforms) = postSolution
		{870EF41C-4C91-477B-B175-33E790ABAD93}.Debug|Any CPU.ActiveCfg = Debug|Any CPU
		{870EF41C-4C91-477B-B175-33E790ABAD93}.Debug|Any CPU.Build.0 = Debug|Any CPU
		{870EF41C-4C91-477B-B175-33E790ABAD93}.Release|Any CPU.ActiveCfg = Release|Any CPU
		{870EF41C-4C91-477B-B175-33E790ABAD93}.Release|Any CPU.Build.0 = Release|Any CPU
	EndGlobalSection
	GlobalSection(SolutionProperties) = preSolution
		HideSolutionNode = FALSE
	EndGlobalSection
	GlobalSection(ExtensibilityGlobals) = postSolution
		SolutionGuid = {990089CC-8F78-4DB9-9D93-4D26D6096127}
	EndGlobalSection
EndGlobal
