
Microsoft Visual Studio Solution File, Format Version 12.00
# Visual Studio Version 16
VisualStudioVersion = 16.0.30011.22
MinimumVisualStudioVersion = 10.0.40219.1
Project("{FAE04EC0-301F-11D3-BF4B-00C04F79EFBC}") = "Cuddly Red Waffle app", "Cuddly Red Waffle app.csproj", "{7DEA0FCF-5792-4C60-B026-1E3A969D9DDD}"
EndProject
Project("{FAE04EC0-301F-11D3-BF4B-00C04F79EFBC}") = "MenuInheritance", "..\MenuInheritance\MenuInheritance\MenuInheritance.csproj", "{870EF41C-4C91-477B-B175-33E790ABAD93}"
EndProject
Global
	GlobalSection(SolutionConfigurationPlatforms) = preSolution
		Debug|Any CPU = Debug|Any CPU
		Release|Any CPU = Release|Any CPU
	EndGlobalSection
	GlobalSection(ProjectConfigurationPlatforms) = postSolution
		{7DEA0FCF-5792-4C60-B026-1E3A969D9DDD}.Debug|Any CPU.ActiveCfg = Debug|Any CPU
		{7DEA0FCF-5792-4C60-B026-1E3A969D9DDD}.Debug|Any CPU.Build.0 = Debug|Any CPU
		{7DEA0FCF-5792-4C60-B026-1E3A969D9DDD}.Release|Any CPU.ActiveCfg = Release|Any CPU
		{7DEA0FCF-5792-4C60-B026-1E3A969D9DDD}.Release|Any CPU.Build.0 = Release|Any CPU
		{870EF41C-4C91-477B-B175-33E790ABAD93}.Debug|Any CPU.ActiveCfg = Debug|Any CPU
		{870EF41C-4C91-477B-B175-33E790ABAD93}.Debug|Any CPU.Build.0 = Debug|Any CPU
		{870EF41C-4C91-477B-B175-33E790ABAD93}.Release|Any CPU.ActiveCfg = Release|Any CPU
		{870EF41C-4C91-477B-B175-33E790ABAD93}.Release|Any CPU.Build.0 = Release|Any CPU
	EndGlobalSection
	GlobalSection(SolutionProperties) = preSolution
		HideSolutionNode = FALSE
	EndGlobalSection
	GlobalSection(ExtensibilityGlobals) = postSolution
		SolutionGuid = {3BA03D33-414F-4F6B-8E34-59937E6119FD}
	EndGlobalSection
EndGlobal
